
Microsoft Visual Studio Solution File, Format Version 12.00
# Visual Studio Version 16
VisualStudioVersion = 16.0.29920.165
MinimumVisualStudioVersion = 10.0.40219.1
Project("{FAE04EC0-301F-11D3-BF4B-00C04F79EFBC}") = "Nexomon", "Nexomon\Nexomon.csproj", "{BBF993F2-C2A2-445D-A670-73729E26B369}"
EndProject
Global
	GlobalSection(SolutionConfigurationPlatforms) = preSolution
		Debug|Any CPU = Debug|Any CPU
		Release|Any CPU = Release|Any CPU
	EndGlobalSection
	GlobalSection(ProjectConfigurationPlatforms) = postSolution
		{BBF993F2-C2A2-445D-A670-73729E26B369}.Debug|Any CPU.ActiveCfg = Debug|Any CPU
		{BBF993F2-C2A2-445D-A670-73729E26B369}.Debug|Any CPU.Build.0 = Debug|Any CPU
		{BBF993F2-C2A2-445D-A670-73729E26B369}.Release|Any CPU.ActiveCfg = Release|Any CPU
		{BBF993F2-C2A2-445D-A670-73729E26B369}.Release|Any CPU.Build.0 = Release|Any CPU
	EndGlobalSection
	GlobalSection(SolutionProperties) = preSolution
		HideSolutionNode = FALSE
	EndGlobalSection
	GlobalSection(ExtensibilityGlobals) = postSolution
		SolutionGuid = {D3D104FD-F243-4482-A88C-0C0774BA8370}
	EndGlobalSection
EndGlobal
